
Microsoft Visual Studio Solution File, Format Version 12.00
# Visual Studio Version 16
VisualStudioVersion = 16.0.31515.178
MinimumVisualStudioVersion = 10.0.40219.1
Project("{FAE04EC0-301F-11D3-BF4B-00C04F79EFBC}") = "XamarinTestAPI.Android", "XamarinTestAPI\XamarinTestAPI.Android\XamarinTestAPI.Android.csproj", "{D766B10C-4C66-41AF-98B4-ADC365888AA0}"
EndProject
Project("{FAE04EC0-301F-11D3-BF4B-00C04F79EFBC}") = "XamarinTestAPI.iOS", "XamarinTestAPI\XamarinTestAPI.iOS\XamarinTestAPI.iOS.csproj", "{7007EDCA-4CC8-441C-A4BA-CCE850E3739D}"
EndProject
Project("{FAE04EC0-301F-11D3-BF4B-00C04F79EFBC}") = "XamarinTestAPI", "XamarinTestAPI\XamarinTestAPI\XamarinTestAPI.csproj", "{1D7D00C2-7A8F-4941-B8A3-DC59882A11DB}"
EndProject
Global
	GlobalSection(SolutionConfigurationPlatforms) = preSolution
		Debug|Any CPU = Debug|Any CPU
		Debug|iPhone = Debug|iPhone
		Debug|iPhoneSimulator = Debug|iPhoneSimulator
		Release|Any CPU = Release|Any CPU
		Release|iPhone = Release|iPhone
		Release|iPhoneSimulator = Release|iPhoneSimulator
	EndGlobalSection
	GlobalSection(ProjectConfigurationPlatforms) = postSolution
		{D766B10C-4C66-41AF-98B4-ADC365888AA0}.Debug|Any CPU.ActiveCfg = Debug|Any CPU
		{D766B10C-4C66-41AF-98B4-ADC365888AA0}.Debug|Any CPU.Build.0 = Debug|Any CPU
		{D766B10C-4C66-41AF-98B4-ADC365888AA0}.Debug|Any CPU.Deploy.0 = Debug|Any CPU
		{D766B10C-4C66-41AF-98B4-ADC365888AA0}.Debug|iPhone.ActiveCfg = Debug|Any CPU
		{D766B10C-4C66-41AF-98B4-ADC365888AA0}.Debug|iPhone.Build.0 = Debug|Any CPU
		{D766B10C-4C66-41AF-98B4-ADC365888AA0}.Debug|iPhone.Deploy.0 = Debug|Any CPU
		{D766B10C-4C66-41AF-98B4-ADC365888AA0}.Debug|iPhoneSimulator.ActiveCfg = Debug|Any CPU
		{D766B10C-4C66-41AF-98B4-ADC365888AA0}.Debug|iPhoneSimulator.Build.0 = Debug|Any CPU
		{D766B10C-4C66-41AF-98B4-ADC365888AA0}.Debug|iPhoneSimulator.Deploy.0 = Debug|Any CPU
		{D766B10C-4C66-41AF-98B4-ADC365888AA0}.Release|Any CPU.ActiveCfg = Release|Any CPU
		{D766B10C-4C66-41AF-98B4-ADC365888AA0}.Release|Any CPU.Build.0 = Release|Any CPU
		{D766B10C-4C66-41AF-98B4-ADC365888AA0}.Release|Any CPU.Deploy.0 = Release|Any CPU
		{D766B10C-4C66-41AF-98B4-ADC365888AA0}.Release|iPhone.ActiveCfg = Release|Any CPU
		{D766B10C-4C66-41AF-98B4-ADC365888AA0}.Release|iPhone.Build.0 = Release|Any CPU
		{D766B10C-4C66-41AF-98B4-ADC365888AA0}.Release|iPhone.Deploy.0 = Release|Any CPU
		{D766B10C-4C66-41AF-98B4-ADC365888AA0}.Release|iPhoneSimulator.ActiveCfg = Release|Any CPU
		{D766B10C-4C66-41AF-98B4-ADC365888AA0}.Release|iPhoneSimulator.Build.0 = Release|Any CPU
		{D766B10C-4C66-41AF-98B4-ADC365888AA0}.Release|iPhoneSimulator.Deploy.0 = Release|Any CPU
		{7007EDCA-4CC8-441C-A4BA-CCE850E3739D}.Debug|Any CPU.ActiveCfg = Debug|iPhone
		{7007EDCA-4CC8-441C-A4BA-CCE850E3739D}.Debug|Any CPU.Build.0 = Debug|iPhone
		{7007EDCA-4CC8-441C-A4BA-CCE850E3739D}.Debug|Any CPU.Deploy.0 = Debug|iPhone
		{7007EDCA-4CC8-441C-A4BA-CCE850E3739D}.Debug|iPhone.ActiveCfg = Debug|iPhone
		{7007EDCA-4CC8-441C-A4BA-CCE850E3739D}.Debug|iPhone.Build.0 = Debug|iPhone
		{7007EDCA-4CC8-441C-A4BA-CCE850E3739D}.Debug|iPhone.Deploy.0 = Debug|iPhone
		{7007EDCA-4CC8-441C-A4BA-CCE850E3739D}.Debug|iPhoneSimulator.ActiveCfg = Debug|iPhoneSimulator
		{7007EDCA-4CC8-441C-A4BA-CCE850E3739D}.Debug|iPhoneSimulator.Build.0 = Debug|iPhoneSimulator
		{7007EDCA-4CC8-441C-A4BA-CCE850E3739D}.Debug|iPhoneSimulator.Deploy.0 = Debug|iPhoneSimulator
		{7007EDCA-4CC8-441C-A4BA-CCE850E3739D}.Release|Any CPU.ActiveCfg = Release|iPhoneSimulator
		{7007EDCA-4CC8-441C-A4BA-CCE850E3739D}.Release|Any CPU.Build.0 = Release|iPhoneSimulator
		{7007EDCA-4CC8-441C-A4BA-CCE850E3739D}.Release|Any CPU.Deploy.0 = Release|iPhoneSimulator
		{7007EDCA-4CC8-441C-A4BA-CCE850E3739D}.Release|iPhone.ActiveCfg = Release|iPhone
		{7007EDCA-4CC8-441C-A4BA-CCE850E3739D}.Release|iPhone.Build.0 = Release|iPhone
		{7007EDCA-4CC8-441C-A4BA-CCE850E3739D}.Release|iPhone.Deploy.0 = Release|iPhone
		{7007EDCA-4CC8-441C-A4BA-CCE850E3739D}.Release|iPhoneSimulator.ActiveCfg = Release|iPhoneSimulator
		{7007EDCA-4CC8-441C-A4BA-CCE850E3739D}.Release|iPhoneSimulator.Build.0 = Release|iPhoneSimulator
		{7007EDCA-4CC8-441C-A4BA-CCE850E3739D}.Release|iPhoneSimulator.Deploy.0 = Release|iPhoneSimulator
		{1D7D00C2-7A8F-4941-B8A3-DC59882A11DB}.Debug|Any CPU.ActiveCfg = Debug|Any CPU
		{1D7D00C2-7A8F-4941-B8A3-DC59882A11DB}.Debug|Any CPU.Build.0 = Debug|Any CPU
		{1D7D00C2-7A8F-4941-B8A3-DC59882A11DB}.Debug|Any CPU.Deploy.0 = Debug|Any CPU
		{1D7D00C2-7A8F-4941-B8A3-DC59882A11DB}.Debug|iPhone.ActiveCfg = Debug|Any CPU
		{1D7D00C2-7A8F-4941-B8A3-DC59882A11DB}.Debug|iPhone.Build.0 = Debug|Any CPU
		{1D7D00C2-7A8F-4941-B8A3-DC59882A11DB}.Debug|iPhone.Deploy.0 = Debug|Any CPU
		{1D7D00C2-7A8F-4941-B8A3-DC59882A11DB}.Debug|iPhoneSimulator.ActiveCfg = Debug|Any CPU
		{1D7D00C2-7A8F-4941-B8A3-DC59882A11DB}.Debug|iPhoneSimulator.Build.0 = Debug|Any CPU
		{1D7D00C2-7A8F-4941-B8A3-DC59882A11DB}.Debug|iPhoneSimulator.Deploy.0 = Debug|Any CPU
		{1D7D00C2-7A8F-4941-B8A3-DC59882A11DB}.Release|Any CPU.ActiveCfg = Release|Any CPU
		{1D7D00C2-7A8F-4941-B8A3-DC59882A11DB}.Release|Any CPU.Build.0 = Release|Any CPU
		{1D7D00C2-7A8F-4941-B8A3-DC59882A11DB}.Release|Any CPU.Deploy.0 = Release|Any CPU
		{1D7D00C2-7A8F-4941-B8A3-DC59882A11DB}.Release|iPhone.ActiveCfg = Release|Any CPU
		{1D7D00C2-7A8F-4941-B8A3-DC59882A11DB}.Release|iPhone.Build.0 = Release|Any CPU
		{1D7D00C2-7A8F-4941-B8A3-DC59882A11DB}.Release|iPhone.Deploy.0 = Release|Any CPU
		{1D7D00C2-7A8F-4941-B8A3-DC59882A11DB}.Release|iPhoneSimulator.ActiveCfg = Release|Any CPU
		{1D7D00C2-7A8F-4941-B8A3-DC59882A11DB}.Release|iPhoneSimulator.Build.0 = Release|Any CPU
		{1D7D00C2-7A8F-4941-B8A3-DC59882A11DB}.Release|iPhoneSimulator.Deploy.0 = Release|Any CPU
	EndGlobalSection
	GlobalSection(SolutionProperties) = preSolution
		HideSolutionNode = FALSE
	EndGlobalSection
	GlobalSection(ExtensibilityGlobals) = postSolution
		SolutionGuid = {F8D0594B-F75B-4FF4-8F1E-5A96CF9C77C1}
	EndGlobalSection
EndGlobal
